// !$*UTF8*$!
{
	archiveVersion = 1;
	classes = {
	};
	objectVersion = 50;
	objects = {

/* Begin PBXBuildFile section */
		8EA2E446DB58A7C03B59E3BD /* Pods_ListGithubProjectsTests.framework in Frameworks */ = {isa = PBXBuildFile; fileRef = 079790EB760664CDF84B70F0 /* Pods_ListGithubProjectsTests.framework */; };
		F01115FC2254224B00831846 /* AppDelegate.swift in Sources */ = {isa = PBXBuildFile; fileRef = F01115FB2254224B00831846 /* AppDelegate.swift */; };
		F01115FE2254224B00831846 /* HomeController.swift in Sources */ = {isa = PBXBuildFile; fileRef = F01115FD2254224B00831846 /* HomeController.swift */; };
		F01116032254224C00831846 /* Assets.xcassets in Resources */ = {isa = PBXBuildFile; fileRef = F01116022254224C00831846 /* Assets.xcassets */; };
		F01116062254224C00831846 /* LaunchScreen.storyboard in Resources */ = {isa = PBXBuildFile; fileRef = F01116042254224C00831846 /* LaunchScreen.storyboard */; };
		F01116112254224D00831846 /* ListGithubProjectsTests.swift in Sources */ = {isa = PBXBuildFile; fileRef = F01116102254224D00831846 /* ListGithubProjectsTests.swift */; };
		F0111625225424F800831846 /* HomeCoordinator.swift in Sources */ = {isa = PBXBuildFile; fileRef = F0111624225424F800831846 /* HomeCoordinator.swift */; };
		F011162C2254279400831846 /* HomeDelegate.swift in Sources */ = {isa = PBXBuildFile; fileRef = F011162B2254279400831846 /* HomeDelegate.swift */; };
		F02D26A722593EAF0049032B /* HomeView.swift in Sources */ = {isa = PBXBuildFile; fileRef = F02D26A622593EAF0049032B /* HomeView.swift */; };
		F353AF2D79686ABB0A758686 /* Pods_ListGithubProjects.framework in Frameworks */ = {isa = PBXBuildFile; fileRef = 6D87F3EFD804E094322565E6 /* Pods_ListGithubProjects.framework */; };
/* End PBXBuildFile section */

/* Begin PBXContainerItemProxy section */
		F011160D2254224D00831846 /* PBXContainerItemProxy */ = {
			isa = PBXContainerItemProxy;
			containerPortal = F01115F02254224B00831846 /* Project object */;
			proxyType = 1;
			remoteGlobalIDString = F01115F72254224B00831846;
			remoteInfo = ListGithubProjects;
		};
/* End PBXContainerItemProxy section */

/* Begin PBXFileReference section */
		079790EB760664CDF84B70F0 /* Pods_ListGithubProjectsTests.framework */ = {isa = PBXFileReference; explicitFileType = wrapper.framework; includeInIndex = 0; path = Pods_ListGithubProjectsTests.framework; sourceTree = BUILT_PRODUCTS_DIR; };
		0AE7F1CA4F58F16B17436D62 /* Pods-ListGithubProjectsTests.release.xcconfig */ = {isa = PBXFileReference; includeInIndex = 1; lastKnownFileType = text.xcconfig; name = "Pods-ListGithubProjectsTests.release.xcconfig"; path = "Target Support Files/Pods-ListGithubProjectsTests/Pods-ListGithubProjectsTests.release.xcconfig"; sourceTree = "<group>"; };
		1671974380DA46F9EECA3BDB /* Pods-ListGithubProjects.debug.xcconfig */ = {isa = PBXFileReference; includeInIndex = 1; lastKnownFileType = text.xcconfig; name = "Pods-ListGithubProjects.debug.xcconfig"; path = "Target Support Files/Pods-ListGithubProjects/Pods-ListGithubProjects.debug.xcconfig"; sourceTree = "<group>"; };
		3A5F8FC5AD205ECBB1B06E1E /* Pods-ListGithubProjects.release.xcconfig */ = {isa = PBXFileReference; includeInIndex = 1; lastKnownFileType = text.xcconfig; name = "Pods-ListGithubProjects.release.xcconfig"; path = "Target Support Files/Pods-ListGithubProjects/Pods-ListGithubProjects.release.xcconfig"; sourceTree = "<group>"; };
		6D87F3EFD804E094322565E6 /* Pods_ListGithubProjects.framework */ = {isa = PBXFileReference; explicitFileType = wrapper.framework; includeInIndex = 0; path = Pods_ListGithubProjects.framework; sourceTree = BUILT_PRODUCTS_DIR; };
		7A6CA795ED6B02E03E517784 /* Pods-ListGithubProjectsTests.debug.xcconfig */ = {isa = PBXFileReference; includeInIndex = 1; lastKnownFileType = text.xcconfig; name = "Pods-ListGithubProjectsTests.debug.xcconfig"; path = "Target Support Files/Pods-ListGithubProjectsTests/Pods-ListGithubProjectsTests.debug.xcconfig"; sourceTree = "<group>"; };
		F01115F82254224B00831846 /* ListGithubProjects.app */ = {isa = PBXFileReference; explicitFileType = wrapper.application; includeInIndex = 0; path = ListGithubProjects.app; sourceTree = BUILT_PRODUCTS_DIR; };
		F01115FB2254224B00831846 /* AppDelegate.swift */ = {isa = PBXFileReference; lastKnownFileType = sourcecode.swift; path = AppDelegate.swift; sourceTree = "<group>"; };
		F01115FD2254224B00831846 /* HomeController.swift */ = {isa = PBXFileReference; lastKnownFileType = sourcecode.swift; path = HomeController.swift; sourceTree = "<group>"; };
		F01116022254224C00831846 /* Assets.xcassets */ = {isa = PBXFileReference; lastKnownFileType = folder.assetcatalog; path = Assets.xcassets; sourceTree = "<group>"; };
		F01116052254224C00831846 /* Base */ = {isa = PBXFileReference; lastKnownFileType = file.storyboard; name = Base; path = Base.lproj/LaunchScreen.storyboard; sourceTree = "<group>"; };
		F01116072254224C00831846 /* Info.plist */ = {isa = PBXFileReference; lastKnownFileType = text.plist.xml; path = Info.plist; sourceTree = "<group>"; };
		F011160C2254224D00831846 /* ListGithubProjectsTests.xctest */ = {isa = PBXFileReference; explicitFileType = wrapper.cfbundle; includeInIndex = 0; path = ListGithubProjectsTests.xctest; sourceTree = BUILT_PRODUCTS_DIR; };
		F01116102254224D00831846 /* ListGithubProjectsTests.swift */ = {isa = PBXFileReference; lastKnownFileType = sourcecode.swift; path = ListGithubProjectsTests.swift; sourceTree = "<group>"; };
		F01116122254224D00831846 /* Info.plist */ = {isa = PBXFileReference; lastKnownFileType = text.plist.xml; path = Info.plist; sourceTree = "<group>"; };
		F0111624225424F800831846 /* HomeCoordinator.swift */ = {isa = PBXFileReference; lastKnownFileType = sourcecode.swift; path = HomeCoordinator.swift; sourceTree = "<group>"; };
		F011162B2254279400831846 /* HomeDelegate.swift */ = {isa = PBXFileReference; lastKnownFileType = sourcecode.swift; path = HomeDelegate.swift; sourceTree = "<group>"; };
		F02D26A622593EAF0049032B /* HomeView.swift */ = {isa = PBXFileReference; lastKnownFileType = sourcecode.swift; path = HomeView.swift; sourceTree = "<group>"; };
/* End PBXFileReference section */

/* Begin PBXFrameworksBuildPhase section */
		F01115F52254224B00831846 /* Frameworks */ = {
			isa = PBXFrameworksBuildPhase;
			buildActionMask = 2147483647;
			files = (
				F353AF2D79686ABB0A758686 /* Pods_ListGithubProjects.framework in Frameworks */,
			);
			runOnlyForDeploymentPostprocessing = 0;
		};
		F01116092254224D00831846 /* Frameworks */ = {
			isa = PBXFrameworksBuildPhase;
			buildActionMask = 2147483647;
			files = (
				8EA2E446DB58A7C03B59E3BD /* Pods_ListGithubProjectsTests.framework in Frameworks */,
			);
			runOnlyForDeploymentPostprocessing = 0;
		};
/* End PBXFrameworksBuildPhase section */

/* Begin PBXGroup section */
		A60C9C6B8B4903E5DA9792A2 /* Pods */ = {
			isa = PBXGroup;
			children = (
				1671974380DA46F9EECA3BDB /* Pods-ListGithubProjects.debug.xcconfig */,
				3A5F8FC5AD205ECBB1B06E1E /* Pods-ListGithubProjects.release.xcconfig */,
				7A6CA795ED6B02E03E517784 /* Pods-ListGithubProjectsTests.debug.xcconfig */,
				0AE7F1CA4F58F16B17436D62 /* Pods-ListGithubProjectsTests.release.xcconfig */,
			);
			path = Pods;
			sourceTree = "<group>";
		};
		AC5228E029527EC7F5FF21A4 /* Frameworks */ = {
			isa = PBXGroup;
			children = (
				6D87F3EFD804E094322565E6 /* Pods_ListGithubProjects.framework */,
				079790EB760664CDF84B70F0 /* Pods_ListGithubProjectsTests.framework */,
			);
			name = Frameworks;
			sourceTree = "<group>";
		};
		F01115EF2254224B00831846 = {
			isa = PBXGroup;
			children = (
				F01115FA2254224B00831846 /* ListGithubProjects */,
				F011160F2254224D00831846 /* ListGithubProjectsTests */,
				F01115F92254224B00831846 /* Products */,
				A60C9C6B8B4903E5DA9792A2 /* Pods */,
				AC5228E029527EC7F5FF21A4 /* Frameworks */,
			);
			sourceTree = "<group>";
		};
		F01115F92254224B00831846 /* Products */ = {
			isa = PBXGroup;
			children = (
				F01115F82254224B00831846 /* ListGithubProjects.app */,
				F011160C2254224D00831846 /* ListGithubProjectsTests.xctest */,
			);
			name = Products;
			sourceTree = "<group>";
		};
		F01115FA2254224B00831846 /* ListGithubProjects */ = {
			isa = PBXGroup;
			children = (
				F01116212254240900831846 /* Resources */,
				F0111620225423F600831846 /* Sources */,
				F011161F225423ED00831846 /* Other Sources */,
			);
			path = ListGithubProjects;
			sourceTree = "<group>";
		};
		F011160F2254224D00831846 /* ListGithubProjectsTests */ = {
			isa = PBXGroup;
			children = (
				F01116102254224D00831846 /* ListGithubProjectsTests.swift */,
				F01116122254224D00831846 /* Info.plist */,
			);
			path = ListGithubProjectsTests;
			sourceTree = "<group>";
		};
		F011161B225423CC00831846 /* Coordinators */ = {
			isa = PBXGroup;
			children = (
				F0111624225424F800831846 /* HomeCoordinator.swift */,
			);
			path = Coordinators;
			sourceTree = "<group>";
		};
		F011161C225423D600831846 /* Controllers */ = {
			isa = PBXGroup;
			children = (
				F01115FD2254224B00831846 /* HomeController.swift */,
			);
			path = Controllers;
			sourceTree = "<group>";
		};
		F011161D225423DF00831846 /* Views */ = {
			isa = PBXGroup;
			children = (
				F02D26A622593EAF0049032B /* HomeView.swift */,
			);
			path = Views;
			sourceTree = "<group>";
		};
		F011161F225423ED00831846 /* Other Sources */ = {
			isa = PBXGroup;
			children = (
				F01116072254224C00831846 /* Info.plist */,
				F01115FB2254224B00831846 /* AppDelegate.swift */,
			);
			path = "Other Sources";
			sourceTree = "<group>";
		};
		F0111620225423F600831846 /* Sources */ = {
			isa = PBXGroup;
			children = (
				F011162A2254278100831846 /* Delegates */,
				F011161D225423DF00831846 /* Views */,
				F011161C225423D600831846 /* Controllers */,
				F011161B225423CC00831846 /* Coordinators */,
			);
			path = Sources;
			sourceTree = "<group>";
		};
		F01116212254240900831846 /* Resources */ = {
			isa = PBXGroup;
			children = (
				F01116022254224C00831846 /* Assets.xcassets */,
				F01116042254224C00831846 /* LaunchScreen.storyboard */,
			);
			path = Resources;
			sourceTree = "<group>";
		};
		F011162A2254278100831846 /* Delegates */ = {
			isa = PBXGroup;
			children = (
				F011162B2254279400831846 /* HomeDelegate.swift */,
			);
			path = Delegates;
			sourceTree = "<group>";
		};
/* End PBXGroup section */

/* Begin PBXNativeTarget section */
		F01115F72254224B00831846 /* ListGithubProjects */ = {
			isa = PBXNativeTarget;
			buildConfigurationList = F01116152254224D00831846 /* Build configuration list for PBXNativeTarget "ListGithubProjects" */;
			buildPhases = (
				BB910AD3AB2AEAD7258A876E /* [CP] Check Pods Manifest.lock */,
				F01115F42254224B00831846 /* Sources */,
				F01115F52254224B00831846 /* Frameworks */,
				F01115F62254224B00831846 /* Resources */,
				287497F8F34920B6A5DB7684 /* [CP] Embed Pods Frameworks */,
			);
			buildRules = (
			);
			dependencies = (
			);
			name = ListGithubProjects;
			productName = ListGithubProjects;
			productReference = F01115F82254224B00831846 /* ListGithubProjects.app */;
			productType = "com.apple.product-type.application";
		};
		F011160B2254224D00831846 /* ListGithubProjectsTests */ = {
			isa = PBXNativeTarget;
			buildConfigurationList = F01116182254224D00831846 /* Build configuration list for PBXNativeTarget "ListGithubProjectsTests" */;
			buildPhases = (
				0CBB9A4FA93048F4373D34AA /* [CP] Check Pods Manifest.lock */,
				F01116082254224D00831846 /* Sources */,
				F01116092254224D00831846 /* Frameworks */,
				F011160A2254224D00831846 /* Resources */,
			);
			buildRules = (
			);
			dependencies = (
				F011160E2254224D00831846 /* PBXTargetDependency */,
			);
			name = ListGithubProjectsTests;
			productName = ListGithubProjectsTests;
			productReference = F011160C2254224D00831846 /* ListGithubProjectsTests.xctest */;
			productType = "com.apple.product-type.bundle.unit-test";
		};
/* End PBXNativeTarget section */

/* Begin PBXProject section */
		F01115F02254224B00831846 /* Project object */ = {
			isa = PBXProject;
			attributes = {
				LastSwiftUpdateCheck = 1010;
				LastUpgradeCheck = 1010;
				ORGANIZATIONNAME = "Leonir Alves Deolindo";
				TargetAttributes = {
					F01115F72254224B00831846 = {
						CreatedOnToolsVersion = 10.1;
					};
					F011160B2254224D00831846 = {
						CreatedOnToolsVersion = 10.1;
						TestTargetID = F01115F72254224B00831846;
					};
				};
			};
			buildConfigurationList = F01115F32254224B00831846 /* Build configuration list for PBXProject "ListGithubProjects" */;
			compatibilityVersion = "Xcode 9.3";
			developmentRegion = en;
			hasScannedForEncodings = 0;
			knownRegions = (
				en,
				Base,
			);
			mainGroup = F01115EF2254224B00831846;
			productRefGroup = F01115F92254224B00831846 /* Products */;
			projectDirPath = "";
			projectRoot = "";
			targets = (
				F01115F72254224B00831846 /* ListGithubProjects */,
				F011160B2254224D00831846 /* ListGithubProjectsTests */,
			);
		};
/* End PBXProject section */

/* Begin PBXResourcesBuildPhase section */
		F01115F62254224B00831846 /* Resources */ = {
			isa = PBXResourcesBuildPhase;
			buildActionMask = 2147483647;
			files = (
				F01116062254224C00831846 /* LaunchScreen.storyboard in Resources */,
				F01116032254224C00831846 /* Assets.xcassets in Resources */,
			);
			runOnlyForDeploymentPostprocessing = 0;
		};
		F011160A2254224D00831846 /* Resources */ = {
			isa = PBXResourcesBuildPhase;
			buildActionMask = 2147483647;
			files = (
			);
			runOnlyForDeploymentPostprocessing = 0;
		};
/* End PBXResourcesBuildPhase section */

/* Begin PBXShellScriptBuildPhase section */
		0CBB9A4FA93048F4373D34AA /* [CP] Check Pods Manifest.lock */ = {
			isa = PBXShellScriptBuildPhase;
			buildActionMask = 2147483647;
			files = (
			);
			inputFileListPaths = (
			);
			inputPaths = (
				"${PODS_PODFILE_DIR_PATH}/Podfile.lock",
				"${PODS_ROOT}/Manifest.lock",
			);
			name = "[CP] Check Pods Manifest.lock";
			outputFileListPaths = (
			);
			outputPaths = (
				"$(DERIVED_FILE_DIR)/Pods-ListGithubProjectsTests-checkManifestLockResult.txt",
			);
			runOnlyForDeploymentPostprocessing = 0;
			shellPath = /bin/sh;
			shellScript = "diff \"${PODS_PODFILE_DIR_PATH}/Podfile.lock\" \"${PODS_ROOT}/Manifest.lock\" > /dev/null\nif [ $? != 0 ] ; then\n    # print error to STDERR\n    echo \"error: The sandbox is not in sync with the Podfile.lock. Run 'pod install' or update your CocoaPods installation.\" >&2\n    exit 1\nfi\n# This output is used by Xcode 'outputs' to avoid re-running this script phase.\necho \"SUCCESS\" > \"${SCRIPT_OUTPUT_FILE_0}\"\n";
			showEnvVarsInLog = 0;
		};
		287497F8F34920B6A5DB7684 /* [CP] Embed Pods Frameworks */ = {
			isa = PBXShellScriptBuildPhase;
			buildActionMask = 2147483647;
			files = (
			);
			inputFileListPaths = (
			);
			inputPaths = (
				"${PODS_ROOT}/Target Support Files/Pods-ListGithubProjects/Pods-ListGithubProjects-frameworks.sh",
				"${BUILT_PRODUCTS_DIR}/CoreKit/CoreKit.framework",
				"${BUILT_PRODUCTS_DIR}/ListKit/ListKit.framework",
				"${BUILT_PRODUCTS_DIR}/NetworkKit/NetworkKit.framework",
			);
			name = "[CP] Embed Pods Frameworks";
			outputFileListPaths = (
			);
			outputPaths = (
				"${TARGET_BUILD_DIR}/${FRAMEWORKS_FOLDER_PATH}/CoreKit.framework",
				"${TARGET_BUILD_DIR}/${FRAMEWORKS_FOLDER_PATH}/ListKit.framework",
				"${TARGET_BUILD_DIR}/${FRAMEWORKS_FOLDER_PATH}/NetworkKit.framework",
			);
			runOnlyForDeploymentPostprocessing = 0;
			shellPath = /bin/sh;
			shellScript = "\"${PODS_ROOT}/Target Support Files/Pods-ListGithubProjects/Pods-ListGithubProjects-frameworks.sh\"\n";
			showEnvVarsInLog = 0;
		};
		BB910AD3AB2AEAD7258A876E /* [CP] Check Pods Manifest.lock */ = {
			isa = PBXShellScriptBuildPhase;
			buildActionMask = 2147483647;
			files = (
			);
			inputFileListPaths = (
			);
			inputPaths = (
				"${PODS_PODFILE_DIR_PATH}/Podfile.lock",
				"${PODS_ROOT}/Manifest.lock",
			);
			name = "[CP] Check Pods Manifest.lock";
			outputFileListPaths = (
			);
			outputPaths = (
				"$(DERIVED_FILE_DIR)/Pods-ListGithubProjects-checkManifestLockResult.txt",
			);
			runOnlyForDeploymentPostprocessing = 0;
			shellPath = /bin/sh;
			shellScript = "diff \"${PODS_PODFILE_DIR_PATH}/Podfile.lock\" \"${PODS_ROOT}/Manifest.lock\" > /dev/null\nif [ $? != 0 ] ; then\n    # print error to STDERR\n    echo \"error: The sandbox is not in sync with the Podfile.lock. Run 'pod install' or update your CocoaPods installation.\" >&2\n    exit 1\nfi\n# This output is used by Xcode 'outputs' to avoid re-running this script phase.\necho \"SUCCESS\" > \"${SCRIPT_OUTPUT_FILE_0}\"\n";
			showEnvVarsInLog = 0;
		};
/* End PBXShellScriptBuildPhase section */

/* Begin PBXSourcesBuildPhase section */
		F01115F42254224B00831846 /* Sources */ = {
			isa = PBXSourcesBuildPhase;
			buildActionMask = 2147483647;
			files = (
				F01115FE2254224B00831846 /* HomeController.swift in Sources */,
				F0111625225424F800831846 /* HomeCoordinator.swift in Sources */,
				F01115FC2254224B00831846 /* AppDelegate.swift in Sources */,
				F02D26A722593EAF0049032B /* HomeView.swift in Sources */,
				F011162C2254279400831846 /* HomeDelegate.swift in Sources */,
			);
			runOnlyForDeploymentPostprocessing = 0;
		};
		F01116082254224D00831846 /* Sources */ = {
			isa = PBXSourcesBuildPhase;
			buildActionMask = 2147483647;
			files = (
				F01116112254224D00831846 /* ListGithubProjectsTests.swift in Sources */,
			);
			runOnlyForDeploymentPostprocessing = 0;
		};
/* End PBXSourcesBuildPhase section */

/* Begin PBXTargetDependency section */
		F011160E2254224D00831846 /* PBXTargetDependency */ = {
			isa = PBXTargetDependency;
			target = F01115F72254224B00831846 /* ListGithubProjects */;
			targetProxy = F011160D2254224D00831846 /* PBXContainerItemProxy */;
		};
/* End PBXTargetDependency section */

/* Begin PBXVariantGroup section */
		F01116042254224C00831846 /* LaunchScreen.storyboard */ = {
			isa = PBXVariantGroup;
			children = (
				F01116052254224C00831846 /* Base */,
			);
			name = LaunchScreen.storyboard;
			sourceTree = "<group>";
		};
/* End PBXVariantGroup section */

/* Begin XCBuildConfiguration section */
		F01116132254224D00831846 /* Debug */ = {
			isa = XCBuildConfiguration;
			buildSettings = {
				ALWAYS_SEARCH_USER_PATHS = NO;
				CLANG_ANALYZER_NONNULL = YES;
				CLANG_ANALYZER_NUMBER_OBJECT_CONVERSION = YES_AGGRESSIVE;
				CLANG_CXX_LANGUAGE_STANDARD = "gnu++14";
				CLANG_CXX_LIBRARY = "libc++";
				CLANG_ENABLE_MODULES = YES;
				CLANG_ENABLE_OBJC_ARC = YES;
				CLANG_ENABLE_OBJC_WEAK = YES;
				CLANG_WARN_BLOCK_CAPTURE_AUTORELEASING = YES;
				CLANG_WARN_BOOL_CONVERSION = YES;
				CLANG_WARN_COMMA = YES;
				CLANG_WARN_CONSTANT_CONVERSION = YES;
				CLANG_WARN_DEPRECATED_OBJC_IMPLEMENTATIONS = YES;
				CLANG_WARN_DIRECT_OBJC_ISA_USAGE = YES_ERROR;
				CLANG_WARN_DOCUMENTATION_COMMENTS = YES;
				CLANG_WARN_EMPTY_BODY = YES;
				CLANG_WARN_ENUM_CONVERSION = YES;
				CLANG_WARN_INFINITE_RECURSION = YES;
				CLANG_WARN_INT_CONVERSION = YES;
				CLANG_WARN_NON_LITERAL_NULL_CONVERSION = YES;
				CLANG_WARN_OBJC_IMPLICIT_RETAIN_SELF = YES;
				CLANG_WARN_OBJC_LITERAL_CONVERSION = YES;
				CLANG_WARN_OBJC_ROOT_CLASS = YES_ERROR;
				CLANG_WARN_RANGE_LOOP_ANALYSIS = YES;
				CLANG_WARN_STRICT_PROTOTYPES = YES;
				CLANG_WARN_SUSPICIOUS_MOVE = YES;
				CLANG_WARN_UNGUARDED_AVAILABILITY = YES_AGGRESSIVE;
				CLANG_WARN_UNREACHABLE_CODE = YES;
				CLANG_WARN__DUPLICATE_METHOD_MATCH = YES;
				CODE_SIGN_IDENTITY = "iPhone Developer";
				COPY_PHASE_STRIP = NO;
				DEBUG_INFORMATION_FORMAT = dwarf;
				ENABLE_STRICT_OBJC_MSGSEND = YES;
				ENABLE_TESTABILITY = YES;
				GCC_C_LANGUAGE_STANDARD = gnu11;
				GCC_DYNAMIC_NO_PIC = NO;
				GCC_NO_COMMON_BLOCKS = YES;
				GCC_OPTIMIZATION_LEVEL = 0;
				GCC_PREPROCESSOR_DEFINITIONS = (
					"DEBUG=1",
					"$(inherited)",
				);
				GCC_WARN_64_TO_32_BIT_CONVERSION = YES;
				GCC_WARN_ABOUT_RETURN_TYPE = YES_ERROR;
				GCC_WARN_UNDECLARED_SELECTOR = YES;
				GCC_WARN_UNINITIALIZED_AUTOS = YES_AGGRESSIVE;
				GCC_WARN_UNUSED_FUNCTION = YES;
				GCC_WARN_UNUSED_VARIABLE = YES;
				IPHONEOS_DEPLOYMENT_TARGET = 12.1;
				MTL_ENABLE_DEBUG_INFO = INCLUDE_SOURCE;
				MTL_FAST_MATH = YES;
				ONLY_ACTIVE_ARCH = YES;
				SDKROOT = iphoneos;
				SWIFT_ACTIVE_COMPILATION_CONDITIONS = DEBUG;
				SWIFT_OPTIMIZATION_LEVEL = "-Onone";
			};
			name = Debug;
		};
		F01116142254224D00831846 /* Release */ = {
			isa = XCBuildConfiguration;
			buildSettings = {
				ALWAYS_SEARCH_USER_PATHS = NO;
				CLANG_ANALYZER_NONNULL = YES;
				CLANG_ANALYZER_NUMBER_OBJECT_CONVERSION = YES_AGGRESSIVE;
				CLANG_CXX_LANGUAGE_STANDARD = "gnu++14";
				CLANG_CXX_LIBRARY = "libc++";
				CLANG_ENABLE_MODULES = YES;
				CLANG_ENABLE_OBJC_ARC = YES;
				CLANG_ENABLE_OBJC_WEAK = YES;
				CLANG_WARN_BLOCK_CAPTURE_AUTORELEASING = YES;
				CLANG_WARN_BOOL_CONVERSION = YES;
				CLANG_WARN_COMMA = YES;
				CLANG_WARN_CONSTANT_CONVERSION = YES;
				CLANG_WARN_DEPRECATED_OBJC_IMPLEMENTATIONS = YES;
				CLANG_WARN_DIRECT_OBJC_ISA_USAGE = YES_ERROR;
				CLANG_WARN_DOCUMENTATION_COMMENTS = YES;
				CLANG_WARN_EMPTY_BODY = YES;
				CLANG_WARN_ENUM_CONVERSION = YES;
				CLANG_WARN_INFINITE_RECURSION = YES;
				CLANG_WARN_INT_CONVERSION = YES;
				CLANG_WARN_NON_LITERAL_NULL_CONVERSION = YES;
				CLANG_WARN_OBJC_IMPLICIT_RETAIN_SELF = YES;
				CLANG_WARN_OBJC_LITERAL_CONVERSION = YES;
				CLANG_WARN_OBJC_ROOT_CLASS = YES_ERROR;
				CLANG_WARN_RANGE_LOOP_ANALYSIS = YES;
				CLANG_WARN_STRICT_PROTOTYPES = YES;
				CLANG_WARN_SUSPICIOUS_MOVE = YES;
				CLANG_WARN_UNGUARDED_AVAILABILITY = YES_AGGRESSIVE;
				CLANG_WARN_UNREACHABLE_CODE = YES;
				CLANG_WARN__DUPLICATE_METHOD_MATCH = YES;
				CODE_SIGN_IDENTITY = "iPhone Developer";
				COPY_PHASE_STRIP = NO;
				DEBUG_INFORMATION_FORMAT = "dwarf-with-dsym";
				ENABLE_NS_ASSERTIONS = NO;
				ENABLE_STRICT_OBJC_MSGSEND = YES;
				GCC_C_LANGUAGE_STANDARD = gnu11;
				GCC_NO_COMMON_BLOCKS = YES;
				GCC_WARN_64_TO_32_BIT_CONVERSION = YES;
				GCC_WARN_ABOUT_RETURN_TYPE = YES_ERROR;
				GCC_WARN_UNDECLARED_SELECTOR = YES;
				GCC_WARN_UNINITIALIZED_AUTOS = YES_AGGRESSIVE;
				GCC_WARN_UNUSED_FUNCTION = YES;
				GCC_WARN_UNUSED_VARIABLE = YES;
				IPHONEOS_DEPLOYMENT_TARGET = 12.1;
				MTL_ENABLE_DEBUG_INFO = NO;
				MTL_FAST_MATH = YES;
				SDKROOT = iphoneos;
				SWIFT_COMPILATION_MODE = wholemodule;
				SWIFT_OPTIMIZATION_LEVEL = "-O";
				VALIDATE_PRODUCT = YES;
			};
			name = Release;
		};
		F01116162254224D00831846 /* Debug */ = {
			isa = XCBuildConfiguration;
			baseConfigurationReference = 1671974380DA46F9EECA3BDB /* Pods-ListGithubProjects.debug.xcconfig */;
			buildSettings = {
				ASSETCATALOG_COMPILER_APPICON_NAME = AppIcon;
				CODE_SIGN_STYLE = Automatic;
				DEVELOPMENT_TEAM = F2VH4D4A4M;
				INFOPLIST_FILE = "ListGithubProjects/Other Sources/Info.plist";
				LD_RUNPATH_SEARCH_PATHS = (
					"$(inherited)",
					"@executable_path/Frameworks",
				);
				PRODUCT_BUNDLE_IDENTIFIER = com.leoniralves.ListGithubProjects;
				PRODUCT_NAME = "$(TARGET_NAME)";
				SWIFT_VERSION = 4.2;
				TARGETED_DEVICE_FAMILY = 1;
			};
			name = Debug;
		};
		F01116172254224D00831846 /* Release */ = {
			isa = XCBuildConfiguration;
			baseConfigurationReference = 3A5F8FC5AD205ECBB1B06E1E /* Pods-ListGithubProjects.release.xcconfig */;
			buildSettings = {
				ASSETCATALOG_COMPILER_APPICON_NAME = AppIcon;
				CODE_SIGN_STYLE = Automatic;
				DEVELOPMENT_TEAM = F2VH4D4A4M;
				INFOPLIST_FILE = "ListGithubProjects/Other Sources/Info.plist";
				LD_RUNPATH_SEARCH_PATHS = (
					"$(inherited)",
					"@executable_path/Frameworks",
				);
				PRODUCT_BUNDLE_IDENTIFIER = com.leoniralves.ListGithubProjects;
				PRODUCT_NAME = "$(TARGET_NAME)";
				SWIFT_VERSION = 4.2;
				TARGETED_DEVICE_FAMILY = 1;
			};
			name = Release;
		};
		F01116192254224D00831846 /* Debug */ = {
			isa = XCBuildConfiguration;
			baseConfigurationReference = 7A6CA795ED6B02E03E517784 /* Pods-ListGithubProjectsTests.debug.xcconfig */;
			buildSettings = {
				ALWAYS_EMBED_SWIFT_STANDARD_LIBRARIES = YES;
				BUNDLE_LOADER = "$(TEST_HOST)";
				CODE_SIGN_STYLE = Automatic;
				DEVELOPMENT_TEAM = F2VH4D4A4M;
				INFOPLIST_FILE = ListGithubProjectsTests/Info.plist;
				LD_RUNPATH_SEARCH_PATHS = (
					"$(inherited)",
					"@executable_path/Frameworks",
					"@loader_path/Frameworks",
				);
				PRODUCT_BUNDLE_IDENTIFIER = com.leoniralves.ListGithubProjectsTests;
				PRODUCT_NAME = "$(TARGET_NAME)";
				SWIFT_VERSION = 4.2;
				TARGETED_DEVICE_FAMILY = "1,2";
				TEST_HOST = "$(BUILT_PRODUCTS_DIR)/ListGithubProjects.app/ListGithubProjects";
			};
			name = Debug;
		};
		F011161A2254224D00831846 /* Release */ = {
			isa = XCBuildConfiguration;
			baseConfigurationReference = 0AE7F1CA4F58F16B17436D62 /* Pods-ListGithubProjectsTests.release.xcconfig */;
			buildSettings = {
				ALWAYS_EMBED_SWIFT_STANDARD_LIBRARIES = YES;
				BUNDLE_LOADER = "$(TEST_HOST)";
				CODE_SIGN_STYLE = Automatic;
				DEVELOPMENT_TEAM = F2VH4D4A4M;
				INFOPLIST_FILE = ListGithubProjectsTests/Info.plist;
				LD_RUNPATH_SEARCH_PATHS = (
					"$(inherited)",
					"@executable_path/Frameworks",
					"@loader_path/Frameworks",
				);
				PRODUCT_BUNDLE_IDENTIFIER = com.leoniralves.ListGithubProjectsTests;
				PRODUCT_NAME = "$(TARGET_NAME)";
				SWIFT_VERSION = 4.2;
				TARGETED_DEVICE_FAMILY = "1,2";
				TEST_HOST = "$(BUILT_PRODUCTS_DIR)/ListGithubProjects.app/ListGithubProjects";
			};
			name = Release;
		};
/* End XCBuildConfiguration section */

/* Begin XCConfigurationList section */
		F01115F32254224B00831846 /* Build configuration list for PBXProject "ListGithubProjects" */ = {
			isa = XCConfigurationList;
			buildConfigurations = (
				F01116132254224D00831846 /* Debug */,
				F01116142254224D00831846 /* Release */,
			);
			defaultConfigurationIsVisible = 0;
			defaultConfigurationName = Release;
		};
		F01116152254224D00831846 /* Build configuration list for PBXNativeTarget "ListGithubProjects" */ = {
			isa = XCConfigurationList;
			buildConfigurations = (
				F01116162254224D00831846 /* Debug */,
				F01116172254224D00831846 /* Release */,
			);
			defaultConfigurationIsVisible = 0;
			defaultConfigurationName = Release;
		};
		F01116182254224D00831846 /* Build configuration list for PBXNativeTarget "ListGithubProjectsTests" */ = {
			isa = XCConfigurationList;
			buildConfigurations = (
				F01116192254224D00831846 /* Debug */,
				F011161A2254224D00831846 /* Release */,
			);
			defaultConfigurationIsVisible = 0;
			defaultConfigurationName = Release;
		};
/* End XCConfigurationList section */
	};
	rootObject = F01115F02254224B00831846 /* Project object */;
}
