// !$*UTF8*$!
{
	archiveVersion = 1;
	classes = {
	};
	objectVersion = 50;
	objects = {

/* Begin PBXBuildFile section */
		F01115FC2254224B00831846 /* AppDelegate.swift in Sources */ = {isa = PBXBuildFile; fileRef = F01115FB2254224B00831846 /* AppDelegate.swift */; };
		F01115FE2254224B00831846 /* ViewController.swift in Sources */ = {isa = PBXBuildFile; fileRef = F01115FD2254224B00831846 /* ViewController.swift */; };
		F01116012254224B00831846 /* Main.storyboard in Resources */ = {isa = PBXBuildFile; fileRef = F01115FF2254224B00831846 /* Main.storyboard */; };
		F01116032254224C00831846 /* Assets.xcassets in Resources */ = {isa = PBXBuildFile; fileRef = F01116022254224C00831846 /* Assets.xcassets */; };
		F01116062254224C00831846 /* LaunchScreen.storyboard in Resources */ = {isa = PBXBuildFile; fileRef = F01116042254224C00831846 /* LaunchScreen.storyboard */; };
		F01116112254224D00831846 /* ListGithubProjectsTests.swift in Sources */ = {isa = PBXBuildFile; fileRef = F01116102254224D00831846 /* ListGithubProjectsTests.swift */; };
/* End PBXBuildFile section */

/* Begin PBXContainerItemProxy section */
		F011160D2254224D00831846 /* PBXContainerItemProxy */ = {
			isa = PBXContainerItemProxy;
			containerPortal = F01115F02254224B00831846 /* Project object */;
			proxyType = 1;
			remoteGlobalIDString = F01115F72254224B00831846;
			remoteInfo = ListGithubProjects;
		};
/* End PBXContainerItemProxy section */

/* Begin PBXFileReference section */
		F01115F82254224B00831846 /* ListGithubProjects.app */ = {isa = PBXFileReference; explicitFileType = wrapper.application; includeInIndex = 0; path = ListGithubProjects.app; sourceTree = BUILT_PRODUCTS_DIR; };
		F01115FB2254224B00831846 /* AppDelegate.swift */ = {isa = PBXFileReference; lastKnownFileType = sourcecode.swift; path = AppDelegate.swift; sourceTree = "<group>"; };
		F01115FD2254224B00831846 /* ViewController.swift */ = {isa = PBXFileReference; lastKnownFileType = sourcecode.swift; path = ViewController.swift; sourceTree = "<group>"; };
		F01116002254224B00831846 /* Base */ = {isa = PBXFileReference; lastKnownFileType = file.storyboard; name = Base; path = Base.lproj/Main.storyboard; sourceTree = "<group>"; };
		F01116022254224C00831846 /* Assets.xcassets */ = {isa = PBXFileReference; lastKnownFileType = folder.assetcatalog; path = Assets.xcassets; sourceTree = "<group>"; };
		F01116052254224C00831846 /* Base */ = {isa = PBXFileReference; lastKnownFileType = file.storyboard; name = Base; path = Base.lproj/LaunchScreen.storyboard; sourceTree = "<group>"; };
		F01116072254224C00831846 /* Info.plist */ = {isa = PBXFileReference; lastKnownFileType = text.plist.xml; path = Info.plist; sourceTree = "<group>"; };
		F011160C2254224D00831846 /* ListGithubProjectsTests.xctest */ = {isa = PBXFileReference; explicitFileType = wrapper.cfbundle; includeInIndex = 0; path = ListGithubProjectsTests.xctest; sourceTree = BUILT_PRODUCTS_DIR; };
		F01116102254224D00831846 /* ListGithubProjectsTests.swift */ = {isa = PBXFileReference; lastKnownFileType = sourcecode.swift; path = ListGithubProjectsTests.swift; sourceTree = "<group>"; };
		F01116122254224D00831846 /* Info.plist */ = {isa = PBXFileReference; lastKnownFileType = text.plist.xml; path = Info.plist; sourceTree = "<group>"; };
/* End PBXFileReference section */

/* Begin PBXFrameworksBuildPhase section */
		F01115F52254224B00831846 /* Frameworks */ = {
			isa = PBXFrameworksBuildPhase;
			buildActionMask = 2147483647;
			files = (
			);
			runOnlyForDeploymentPostprocessing = 0;
		};
		F01116092254224D00831846 /* Frameworks */ = {
			isa = PBXFrameworksBuildPhase;
			buildActionMask = 2147483647;
			files = (
			);
			runOnlyForDeploymentPostprocessing = 0;
		};
/* End PBXFrameworksBuildPhase section */

/* Begin PBXGroup section */
		F01115EF2254224B00831846 = {
			isa = PBXGroup;
			children = (
				F01115FA2254224B00831846 /* ListGithubProjects */,
				F011160F2254224D00831846 /* ListGithubProjectsTests */,
				F01115F92254224B00831846 /* Products */,
			);
			sourceTree = "<group>";
		};
		F01115F92254224B00831846 /* Products */ = {
			isa = PBXGroup;
			children = (
				F01115F82254224B00831846 /* ListGithubProjects.app */,
				F011160C2254224D00831846 /* ListGithubProjectsTests.xctest */,
			);
			name = Products;
			sourceTree = "<group>";
		};
		F01115FA2254224B00831846 /* ListGithubProjects */ = {
			isa = PBXGroup;
			children = (
				F01115FB2254224B00831846 /* AppDelegate.swift */,
				F01115FD2254224B00831846 /* ViewController.swift */,
				F01115FF2254224B00831846 /* Main.storyboard */,
				F01116022254224C00831846 /* Assets.xcassets */,
				F01116042254224C00831846 /* LaunchScreen.storyboard */,
				F01116072254224C00831846 /* Info.plist */,
			);
			path = ListGithubProjects;
			sourceTree = "<group>";
		};
		F011160F2254224D00831846 /* ListGithubProjectsTests */ = {
			isa = PBXGroup;
			children = (
				F01116102254224D00831846 /* ListGithubProjectsTests.swift */,
				F01116122254224D00831846 /* Info.plist */,
			);
			path = ListGithubProjectsTests;
			sourceTree = "<group>";
		};
/* End PBXGroup section */

/* Begin PBXNativeTarget section */
		F01115F72254224B00831846 /* ListGithubProjects */ = {
			isa = PBXNativeTarget;
			buildConfigurationList = F01116152254224D00831846 /* Build configuration list for PBXNativeTarget "ListGithubProjects" */;
			buildPhases = (
				F01115F42254224B00831846 /* Sources */,
				F01115F52254224B00831846 /* Frameworks */,
				F01115F62254224B00831846 /* Resources */,
			);
			buildRules = (
			);
			dependencies = (
			);
			name = ListGithubProjects;
			productName = ListGithubProjects;
			productReference = F01115F82254224B00831846 /* ListGithubProjects.app */;
			productType = "com.apple.product-type.application";
		};
		F011160B2254224D00831846 /* ListGithubProjectsTests */ = {
			isa = PBXNativeTarget;
			buildConfigurationList = F01116182254224D00831846 /* Build configuration list for PBXNativeTarget "ListGithubProjectsTests" */;
			buildPhases = (
				F01116082254224D00831846 /* Sources */,
				F01116092254224D00831846 /* Frameworks */,
				F011160A2254224D00831846 /* Resources */,
			);
			buildRules = (
			);
			dependencies = (
				F011160E2254224D00831846 /* PBXTargetDependency */,
			);
			name = ListGithubProjectsTests;
			productName = ListGithubProjectsTests;
			productReference = F011160C2254224D00831846 /* ListGithubProjectsTests.xctest */;
			productType = "com.apple.product-type.bundle.unit-test";
		};
/* End PBXNativeTarget section */

/* Begin PBXProject section */
		F01115F02254224B00831846 /* Project object */ = {
			isa = PBXProject;
			attributes = {
				LastSwiftUpdateCheck = 1010;
				LastUpgradeCheck = 1010;
				ORGANIZATIONNAME = "Leonir Alves Deolindo";
				TargetAttributes = {
					F01115F72254224B00831846 = {
						CreatedOnToolsVersion = 10.1;
					};
					F011160B2254224D00831846 = {
						CreatedOnToolsVersion = 10.1;
						TestTargetID = F01115F72254224B00831846;
					};
				};
			};
			buildConfigurationList = F01115F32254224B00831846 /* Build configuration list for PBXProject "ListGithubProjects" */;
			compatibilityVersion = "Xcode 9.3";
			developmentRegion = en;
			hasScannedForEncodings = 0;
			knownRegions = (
				en,
				Base,
			);
			mainGroup = F01115EF2254224B00831846;
			productRefGroup = F01115F92254224B00831846 /* Products */;
			projectDirPath = "";
			projectRoot = "";
			targets = (
				F01115F72254224B00831846 /* ListGithubProjects */,
				F011160B2254224D00831846 /* ListGithubProjectsTests */,
			);
		};
/* End PBXProject section */

/* Begin PBXResourcesBuildPhase section */
		F01115F62254224B00831846 /* Resources */ = {
			isa = PBXResourcesBuildPhase;
			buildActionMask = 2147483647;
			files = (
				F01116062254224C00831846 /* LaunchScreen.storyboard in Resources */,
				F01116032254224C00831846 /* Assets.xcassets in Resources */,
				F01116012254224B00831846 /* Main.storyboard in Resources */,
			);
			runOnlyForDeploymentPostprocessing = 0;
		};
		F011160A2254224D00831846 /* Resources */ = {
			isa = PBXResourcesBuildPhase;
			buildActionMask = 2147483647;
			files = (
			);
			runOnlyForDeploymentPostprocessing = 0;
		};
/* End PBXResourcesBuildPhase section */

/* Begin PBXSourcesBuildPhase section */
		F01115F42254224B00831846 /* Sources */ = {
			isa = PBXSourcesBuildPhase;
			buildActionMask = 2147483647;
			files = (
				F01115FE2254224B00831846 /* ViewController.swift in Sources */,
				F01115FC2254224B00831846 /* AppDelegate.swift in Sources */,
			);
			runOnlyForDeploymentPostprocessing = 0;
		};
		F01116082254224D00831846 /* Sources */ = {
			isa = PBXSourcesBuildPhase;
			buildActionMask = 2147483647;
			files = (
				F01116112254224D00831846 /* ListGithubProjectsTests.swift in Sources */,
			);
			runOnlyForDeploymentPostprocessing = 0;
		};
/* End PBXSourcesBuildPhase section */

/* Begin PBXTargetDependency section */
		F011160E2254224D00831846 /* PBXTargetDependency */ = {
			isa = PBXTargetDependency;
			target = F01115F72254224B00831846 /* ListGithubProjects */;
			targetProxy = F011160D2254224D00831846 /* PBXContainerItemProxy */;
		};
/* End PBXTargetDependency section */

/* Begin PBXVariantGroup section */
		F01115FF2254224B00831846 /* Main.storyboard */ = {
			isa = PBXVariantGroup;
			children = (
				F01116002254224B00831846 /* Base */,
			);
			name = Main.storyboard;
			sourceTree = "<group>";
		};
		F01116042254224C00831846 /* LaunchScreen.storyboard */ = {
			isa = PBXVariantGroup;
			children = (
				F01116052254224C00831846 /* Base */,
			);
			name = LaunchScreen.storyboard;
			sourceTree = "<group>";
		};
/* End PBXVariantGroup section */

/* Begin XCBuildConfiguration section */
		F01116132254224D00831846 /* Debug */ = {
			isa = XCBuildConfiguration;
			buildSettings = {
				ALWAYS_SEARCH_USER_PATHS = NO;
				CLANG_ANALYZER_NONNULL = YES;
				CLANG_ANALYZER_NUMBER_OBJECT_CONVERSION = YES_AGGRESSIVE;
				CLANG_CXX_LANGUAGE_STANDARD = "gnu++14";
				CLANG_CXX_LIBRARY = "libc++";
				CLANG_ENABLE_MODULES = YES;
				CLANG_ENABLE_OBJC_ARC = YES;
				CLANG_ENABLE_OBJC_WEAK = YES;
				CLANG_WARN_BLOCK_CAPTURE_AUTORELEASING = YES;
				CLANG_WARN_BOOL_CONVERSION = YES;
				CLANG_WARN_COMMA = YES;
				CLANG_WARN_CONSTANT_CONVERSION = YES;
				CLANG_WARN_DEPRECATED_OBJC_IMPLEMENTATIONS = YES;
				CLANG_WARN_DIRECT_OBJC_ISA_USAGE = YES_ERROR;
				CLANG_WARN_DOCUMENTATION_COMMENTS = YES;
				CLANG_WARN_EMPTY_BODY = YES;
				CLANG_WARN_ENUM_CONVERSION = YES;
				CLANG_WARN_INFINITE_RECURSION = YES;
				CLANG_WARN_INT_CONVERSION = YES;
				CLANG_WARN_NON_LITERAL_NULL_CONVERSION = YES;
				CLANG_WARN_OBJC_IMPLICIT_RETAIN_SELF = YES;
				CLANG_WARN_OBJC_LITERAL_CONVERSION = YES;
				CLANG_WARN_OBJC_ROOT_CLASS = YES_ERROR;
				CLANG_WARN_RANGE_LOOP_ANALYSIS = YES;
				CLANG_WARN_STRICT_PROTOTYPES = YES;
				CLANG_WARN_SUSPICIOUS_MOVE = YES;
				CLANG_WARN_UNGUARDED_AVAILABILITY = YES_AGGRESSIVE;
				CLANG_WARN_UNREACHABLE_CODE = YES;
				CLANG_WARN__DUPLICATE_METHOD_MATCH = YES;
				CODE_SIGN_IDENTITY = "iPhone Developer";
				COPY_PHASE_STRIP = NO;
				DEBUG_INFORMATION_FORMAT = dwarf;
				ENABLE_STRICT_OBJC_MSGSEND = YES;
				ENABLE_TESTABILITY = YES;
				GCC_C_LANGUAGE_STANDARD = gnu11;
				GCC_DYNAMIC_NO_PIC = NO;
				GCC_NO_COMMON_BLOCKS = YES;
				GCC_OPTIMIZATION_LEVEL = 0;
				GCC_PREPROCESSOR_DEFINITIONS = (
					"DEBUG=1",
					"$(inherited)",
				);
				GCC_WARN_64_TO_32_BIT_CONVERSION = YES;
				GCC_WARN_ABOUT_RETURN_TYPE = YES_ERROR;
				GCC_WARN_UNDECLARED_SELECTOR = YES;
				GCC_WARN_UNINITIALIZED_AUTOS = YES_AGGRESSIVE;
				GCC_WARN_UNUSED_FUNCTION = YES;
				GCC_WARN_UNUSED_VARIABLE = YES;
				IPHONEOS_DEPLOYMENT_TARGET = 12.1;
				MTL_ENABLE_DEBUG_INFO = INCLUDE_SOURCE;
				MTL_FAST_MATH = YES;
				ONLY_ACTIVE_ARCH = YES;
				SDKROOT = iphoneos;
				SWIFT_ACTIVE_COMPILATION_CONDITIONS = DEBUG;
				SWIFT_OPTIMIZATION_LEVEL = "-Onone";
			};
			name = Debug;
		};
		F01116142254224D00831846 /* Release */ = {
			isa = XCBuildConfiguration;
			buildSettings = {
				ALWAYS_SEARCH_USER_PATHS = NO;
				CLANG_ANALYZER_NONNULL = YES;
				CLANG_ANALYZER_NUMBER_OBJECT_CONVERSION = YES_AGGRESSIVE;
				CLANG_CXX_LANGUAGE_STANDARD = "gnu++14";
				CLANG_CXX_LIBRARY = "libc++";
				CLANG_ENABLE_MODULES = YES;
				CLANG_ENABLE_OBJC_ARC = YES;
				CLANG_ENABLE_OBJC_WEAK = YES;
				CLANG_WARN_BLOCK_CAPTURE_AUTORELEASING = YES;
				CLANG_WARN_BOOL_CONVERSION = YES;
				CLANG_WARN_COMMA = YES;
				CLANG_WARN_CONSTANT_CONVERSION = YES;
				CLANG_WARN_DEPRECATED_OBJC_IMPLEMENTATIONS = YES;
				CLANG_WARN_DIRECT_OBJC_ISA_USAGE = YES_ERROR;
				CLANG_WARN_DOCUMENTATION_COMMENTS = YES;
				CLANG_WARN_EMPTY_BODY = YES;
				CLANG_WARN_ENUM_CONVERSION = YES;
				CLANG_WARN_INFINITE_RECURSION = YES;
				CLANG_WARN_INT_CONVERSION = YES;
				CLANG_WARN_NON_LITERAL_NULL_CONVERSION = YES;
				CLANG_WARN_OBJC_IMPLICIT_RETAIN_SELF = YES;
				CLANG_WARN_OBJC_LITERAL_CONVERSION = YES;
				CLANG_WARN_OBJC_ROOT_CLASS = YES_ERROR;
				CLANG_WARN_RANGE_LOOP_ANALYSIS = YES;
				CLANG_WARN_STRICT_PROTOTYPES = YES;
				CLANG_WARN_SUSPICIOUS_MOVE = YES;
				CLANG_WARN_UNGUARDED_AVAILABILITY = YES_AGGRESSIVE;
				CLANG_WARN_UNREACHABLE_CODE = YES;
				CLANG_WARN__DUPLICATE_METHOD_MATCH = YES;
				CODE_SIGN_IDENTITY = "iPhone Developer";
				COPY_PHASE_STRIP = NO;
				DEBUG_INFORMATION_FORMAT = "dwarf-with-dsym";
				ENABLE_NS_ASSERTIONS = NO;
				ENABLE_STRICT_OBJC_MSGSEND = YES;
				GCC_C_LANGUAGE_STANDARD = gnu11;
				GCC_NO_COMMON_BLOCKS = YES;
				GCC_WARN_64_TO_32_BIT_CONVERSION = YES;
				GCC_WARN_ABOUT_RETURN_TYPE = YES_ERROR;
				GCC_WARN_UNDECLARED_SELECTOR = YES;
				GCC_WARN_UNINITIALIZED_AUTOS = YES_AGGRESSIVE;
				GCC_WARN_UNUSED_FUNCTION = YES;
				GCC_WARN_UNUSED_VARIABLE = YES;
				IPHONEOS_DEPLOYMENT_TARGET = 12.1;
				MTL_ENABLE_DEBUG_INFO = NO;
				MTL_FAST_MATH = YES;
				SDKROOT = iphoneos;
				SWIFT_COMPILATION_MODE = wholemodule;
				SWIFT_OPTIMIZATION_LEVEL = "-O";
				VALIDATE_PRODUCT = YES;
			};
			name = Release;
		};
		F01116162254224D00831846 /* Debug */ = {
			isa = XCBuildConfiguration;
			buildSettings = {
				ASSETCATALOG_COMPILER_APPICON_NAME = AppIcon;
				CODE_SIGN_STYLE = Automatic;
				DEVELOPMENT_TEAM = F2VH4D4A4M;
				INFOPLIST_FILE = ListGithubProjects/Info.plist;
				LD_RUNPATH_SEARCH_PATHS = (
					"$(inherited)",
					"@executable_path/Frameworks",
				);
				PRODUCT_BUNDLE_IDENTIFIER = com.leoniralves.ListGithubProjects;
				PRODUCT_NAME = "$(TARGET_NAME)";
				SWIFT_VERSION = 4.2;
				TARGETED_DEVICE_FAMILY = "1,2";
			};
			name = Debug;
		};
		F01116172254224D00831846 /* Release */ = {
			isa = XCBuildConfiguration;
			buildSettings = {
				ASSETCATALOG_COMPILER_APPICON_NAME = AppIcon;
				CODE_SIGN_STYLE = Automatic;
				DEVELOPMENT_TEAM = F2VH4D4A4M;
				INFOPLIST_FILE = ListGithubProjects/Info.plist;
				LD_RUNPATH_SEARCH_PATHS = (
					"$(inherited)",
					"@executable_path/Frameworks",
				);
				PRODUCT_BUNDLE_IDENTIFIER = com.leoniralves.ListGithubProjects;
				PRODUCT_NAME = "$(TARGET_NAME)";
				SWIFT_VERSION = 4.2;
				TARGETED_DEVICE_FAMILY = "1,2";
			};
			name = Release;
		};
		F01116192254224D00831846 /* Debug */ = {
			isa = XCBuildConfiguration;
			buildSettings = {
				ALWAYS_EMBED_SWIFT_STANDARD_LIBRARIES = YES;
				BUNDLE_LOADER = "$(TEST_HOST)";
				CODE_SIGN_STYLE = Automatic;
				DEVELOPMENT_TEAM = F2VH4D4A4M;
				INFOPLIST_FILE = ListGithubProjectsTests/Info.plist;
				LD_RUNPATH_SEARCH_PATHS = (
					"$(inherited)",
					"@executable_path/Frameworks",
					"@loader_path/Frameworks",
				);
				PRODUCT_BUNDLE_IDENTIFIER = com.leoniralves.ListGithubProjectsTests;
				PRODUCT_NAME = "$(TARGET_NAME)";
				SWIFT_VERSION = 4.2;
				TARGETED_DEVICE_FAMILY = "1,2";
				TEST_HOST = "$(BUILT_PRODUCTS_DIR)/ListGithubProjects.app/ListGithubProjects";
			};
			name = Debug;
		};
		F011161A2254224D00831846 /* Release */ = {
			isa = XCBuildConfiguration;
			buildSettings = {
				ALWAYS_EMBED_SWIFT_STANDARD_LIBRARIES = YES;
				BUNDLE_LOADER = "$(TEST_HOST)";
				CODE_SIGN_STYLE = Automatic;
				DEVELOPMENT_TEAM = F2VH4D4A4M;
				INFOPLIST_FILE = ListGithubProjectsTests/Info.plist;
				LD_RUNPATH_SEARCH_PATHS = (
					"$(inherited)",
					"@executable_path/Frameworks",
					"@loader_path/Frameworks",
				);
				PRODUCT_BUNDLE_IDENTIFIER = com.leoniralves.ListGithubProjectsTests;
				PRODUCT_NAME = "$(TARGET_NAME)";
				SWIFT_VERSION = 4.2;
				TARGETED_DEVICE_FAMILY = "1,2";
				TEST_HOST = "$(BUILT_PRODUCTS_DIR)/ListGithubProjects.app/ListGithubProjects";
			};
			name = Release;
		};
/* End XCBuildConfiguration section */

/* Begin XCConfigurationList section */
		F01115F32254224B00831846 /* Build configuration list for PBXProject "ListGithubProjects" */ = {
			isa = XCConfigurationList;
			buildConfigurations = (
				F01116132254224D00831846 /* Debug */,
				F01116142254224D00831846 /* Release */,
			);
			defaultConfigurationIsVisible = 0;
			defaultConfigurationName = Release;
		};
		F01116152254224D00831846 /* Build configuration list for PBXNativeTarget "ListGithubProjects" */ = {
			isa = XCConfigurationList;
			buildConfigurations = (
				F01116162254224D00831846 /* Debug */,
				F01116172254224D00831846 /* Release */,
			);
			defaultConfigurationIsVisible = 0;
			defaultConfigurationName = Release;
		};
		F01116182254224D00831846 /* Build configuration list for PBXNativeTarget "ListGithubProjectsTests" */ = {
			isa = XCConfigurationList;
			buildConfigurations = (
				F01116192254224D00831846 /* Debug */,
				F011161A2254224D00831846 /* Release */,
			);
			defaultConfigurationIsVisible = 0;
			defaultConfigurationName = Release;
		};
/* End XCConfigurationList section */
	};
	rootObject = F01115F02254224B00831846 /* Project object */;
}
